
Microsoft Visual Studio Solution File, Format Version 12.00
# Visual Studio 15
VisualStudioVersion = 15.0.26124.0
MinimumVisualStudioVersion = 15.0.26124.0
Project("{FAE04EC0-301F-11D3-BF4B-00C04F79EFBC}") = "frontend", "frontend\frontend.csproj", "{8C3C5556-B85D-4C82-A1CB-A4C34FF67794}"
EndProject
Project("{FAE04EC0-301F-11D3-BF4B-00C04F79EFBC}") = "backend", "backend\backend.csproj", "{501AC743-0D7A-4260-ADBB-1423938EABE9}"
EndProject
Global
	GlobalSection(SolutionConfigurationPlatforms) = preSolution
		Debug|Any CPU = Debug|Any CPU
		Debug|x64 = Debug|x64
		Debug|x86 = Debug|x86
		Release|Any CPU = Release|Any CPU
		Release|x64 = Release|x64
		Release|x86 = Release|x86
	EndGlobalSection
	GlobalSection(SolutionProperties) = preSolution
		HideSolutionNode = FALSE
	EndGlobalSection
	GlobalSection(ProjectConfigurationPlatforms) = postSolution
		{8C3C5556-B85D-4C82-A1CB-A4C34FF67794}.Debug|Any CPU.ActiveCfg = Debug|Any CPU
		{8C3C5556-B85D-4C82-A1CB-A4C34FF67794}.Debug|Any CPU.Build.0 = Debug|Any CPU
		{8C3C5556-B85D-4C82-A1CB-A4C34FF67794}.Debug|x64.ActiveCfg = Debug|Any CPU
		{8C3C5556-B85D-4C82-A1CB-A4C34FF67794}.Debug|x64.Build.0 = Debug|Any CPU
		{8C3C5556-B85D-4C82-A1CB-A4C34FF67794}.Debug|x86.ActiveCfg = Debug|Any CPU
		{8C3C5556-B85D-4C82-A1CB-A4C34FF67794}.Debug|x86.Build.0 = Debug|Any CPU
		{8C3C5556-B85D-4C82-A1CB-A4C34FF67794}.Release|Any CPU.ActiveCfg = Release|Any CPU
		{8C3C5556-B85D-4C82-A1CB-A4C34FF67794}.Release|Any CPU.Build.0 = Release|Any CPU
		{8C3C5556-B85D-4C82-A1CB-A4C34FF67794}.Release|x64.ActiveCfg = Release|Any CPU
		{8C3C5556-B85D-4C82-A1CB-A4C34FF67794}.Release|x64.Build.0 = Release|Any CPU
		{8C3C5556-B85D-4C82-A1CB-A4C34FF67794}.Release|x86.ActiveCfg = Release|Any CPU
		{8C3C5556-B85D-4C82-A1CB-A4C34FF67794}.Release|x86.Build.0 = Release|Any CPU
		{501AC743-0D7A-4260-ADBB-1423938EABE9}.Debug|Any CPU.ActiveCfg = Debug|Any CPU
		{501AC743-0D7A-4260-ADBB-1423938EABE9}.Debug|Any CPU.Build.0 = Debug|Any CPU
		{501AC743-0D7A-4260-ADBB-1423938EABE9}.Debug|x64.ActiveCfg = Debug|Any CPU
		{501AC743-0D7A-4260-ADBB-1423938EABE9}.Debug|x64.Build.0 = Debug|Any CPU
		{501AC743-0D7A-4260-ADBB-1423938EABE9}.Debug|x86.ActiveCfg = Debug|Any CPU
		{501AC743-0D7A-4260-ADBB-1423938EABE9}.Debug|x86.Build.0 = Debug|Any CPU
		{501AC743-0D7A-4260-ADBB-1423938EABE9}.Release|Any CPU.ActiveCfg = Release|Any CPU
		{501AC743-0D7A-4260-ADBB-1423938EABE9}.Release|Any CPU.Build.0 = Release|Any CPU
		{501AC743-0D7A-4260-ADBB-1423938EABE9}.Release|x64.ActiveCfg = Release|Any CPU
		{501AC743-0D7A-4260-ADBB-1423938EABE9}.Release|x64.Build.0 = Release|Any CPU
		{501AC743-0D7A-4260-ADBB-1423938EABE9}.Release|x86.ActiveCfg = Release|Any CPU
		{501AC743-0D7A-4260-ADBB-1423938EABE9}.Release|x86.Build.0 = Release|Any CPU
	EndGlobalSection
EndGlobal
